
Microsoft Visual Studio Solution File, Format Version 12.00
# Visual Studio Version 16
VisualStudioVersion = 16.0.29418.71
MinimumVisualStudioVersion = 10.0.40219.1
Project("{FAE04EC0-301F-11D3-BF4B-00C04F79EFBC}") = "CSNestedClassTest", "CSNestedClassTest\CSNestedClassTest.csproj", "{36A376B1-9D6E-47F5-8272-BBD5F432AAC8}"
EndProject
Global
	GlobalSection(SolutionConfigurationPlatforms) = preSolution
		Debug|Any CPU = Debug|Any CPU
		Release|Any CPU = Release|Any CPU
	EndGlobalSection
	GlobalSection(ProjectConfigurationPlatforms) = postSolution
		{36A376B1-9D6E-47F5-8272-BBD5F432AAC8}.Debug|Any CPU.ActiveCfg = Debug|Any CPU
		{36A376B1-9D6E-47F5-8272-BBD5F432AAC8}.Debug|Any CPU.Build.0 = Debug|Any CPU
		{36A376B1-9D6E-47F5-8272-BBD5F432AAC8}.Release|Any CPU.ActiveCfg = Release|Any CPU
		{36A376B1-9D6E-47F5-8272-BBD5F432AAC8}.Release|Any CPU.Build.0 = Release|Any CPU
	EndGlobalSection
	GlobalSection(SolutionProperties) = preSolution
		HideSolutionNode = FALSE
	EndGlobalSection
	GlobalSection(ExtensibilityGlobals) = postSolution
		SolutionGuid = {A6B9E98F-6665-4C3B-96D9-33630C110D5F}
	EndGlobalSection
EndGlobal
